# This file is autogenerated, do not edit; changes may be undone by the next 'dep ensure'.


[[projects]]
  name = "github.com/dylanmei/iso8601"
  packages = ["."]
  revision = "2075bf119b58e5576c6ed9f867b8f3d17f2e54d4"
  version = "v0.1.0"

[[projects]]
  name = "github.com/dylanmei/winrmtest"
  packages = ["."]
  revision = "025617847eb2cf9bd1d851bc3b22ed28e6245ce5"

[[projects]]
  branch = "master"
  name = "github.com/hashicorp/errwrap"
  packages = ["."]
  revision = "7554cd9344cec97297fa6649b055a8c98c2a1e55"

[[projects]]
  name = "github.com/hashicorp/go-multierror"
  packages = ["."]
  revision = "d30f09973e19c1dfcd120b2d9c4f168e68d6b5d5"

[[projects]]
  name = "github.com/hashicorp/go-version"
  packages = ["."]
  revision = "7e3c02b30806fa5779d3bdfc152ce4c6f40e7b38"

[[projects]]
  name = "github.com/hashicorp/yamux"
  packages = ["."]
  revision = "df949784da9ed028ee76df44652e42d37a09d7e4"

[[projects]]
  branch = "master"
  name = "github.com/kr/fs"
  packages = ["."]
  revision = "2788f0dbd16903de03cb8186e5c7d97b69ad387b"

[[projects]]
  name = "github.com/masterzen/simplexml"
  packages = ["dom"]
  revision = "95ba30457eb1121fa27753627c774c7cd4e90083"

[[projects]]
  name = "github.com/masterzen/winrm"
  packages = ["soap","winrm"]
  revision = "54ea5d01478cfc2afccec1504bd0dfcd8c260cfa"

[[projects]]
  branch = "master"
  name = "github.com/masterzen/xmlpath"
  packages = ["."]
  revision = "13f4951698adc0fa9c1dda3e275d489a24201161"

[[projects]]
  name = "github.com/mitchellh/go-fs"
  packages = [".","fat"]
  revision = "a34c1b9334e86165685a9449b782f20465eb8c69"

[[projects]]
  branch = "master"
  name = "github.com/mitchellh/iochan"
  packages = ["."]
  revision = "87b45ffd0e9581375c491fef3d32130bb15c5bd7"

[[projects]]
  name = "github.com/mitchellh/mapstructure"
  packages = ["."]
  revision = "281073eb9eb092240d33ef253c404f1cca550309"

[[projects]]
  name = "github.com/mitchellh/multistep"
  packages = ["."]
  revision = "162146fc57112954184d90266f4733e900ed05a5"

[[projects]]
  name = "github.com/mitchellh/packer"
  packages = ["common","common/ssh","common/uuid","communicator/none","communicator/ssh","communicator/winrm","helper/communicator","helper/config","packer","packer/plugin","packer/rpc","template","template/interpolate"]
  revision = "9e8a3fa3eab8263f3f976bdac51832fa4cf0e39f"
  version = "v0.10.2"

[[projects]]
  name = "github.com/mitchellh/reflectwalk"
  packages = ["."]
  revision = "eecf4c70c626c7cfbb95c90195bc34d386c74ac6"

[[projects]]
  branch = "master"
  name = "github.com/nu7hatch/gouuid"
  packages = ["."]
  revision = "179d4d0c4d8d407a32af483c2354df1d2c91e6c3"

[[projects]]
  name = "github.com/packer-community/winrmcp"
  packages = ["winrmcp"]
  revision = "f1bcf36a69fa2945e65dd099eee11b560fbd3346"

[[projects]]
  name = "github.com/pkg/sftp"
  packages = ["."]
  revision = "e84cc8c755ca39b7b64f510fe1fffc1b51f210a5"

[[projects]]
  name = "github.com/satori/go.uuid"
  packages = ["."]
  revision = "d41af8bb6a7704f00bc3b7cba9355ae6a5a80048"

[[projects]]
  name = "github.com/ugorji/go"
  packages = ["codec"]
  revision = "646ae4a518c1c3be0739df898118d9bccf993858"

[[projects]]
  name = "golang.org/x/crypto"
  packages = ["curve25519","ssh","ssh/agent"]
  revision = "1f22c0103821b9390939b6776727195525381532"

[solve-meta]
  analyzer-name = "dep"
  analyzer-version = 1
  inputs-digest = "7bf6a106789e6373408c7062c0c406da8ffdce088da9297e91b4dbc902413214"
  solver-name = "gps-cdcl"
  solver-version = 1
